
Microsoft Visual Studio Solution File, Format Version 12.00
# Visual Studio Version 17
VisualStudioVersion = 17.6.33815.320
MinimumVisualStudioVersion = 10.0.40219.1
Project("{FAE04EC0-301F-11D3-BF4B-00C04F79EFBC}") = "WinFormsApp4", "WinFormsApp4\WinFormsApp4.csproj", "{FDC08E06-99E6-4538-851C-07A9AA9E68D3}"
EndProject
Global
	GlobalSection(SolutionConfigurationPlatforms) = preSolution
		Debug|Any CPU = Debug|Any CPU
		Release|Any CPU = Release|Any CPU
	EndGlobalSection
	GlobalSection(ProjectConfigurationPlatforms) = postSolution
		{FDC08E06-99E6-4538-851C-07A9AA9E68D3}.Debug|Any CPU.ActiveCfg = Debug|Any CPU
		{FDC08E06-99E6-4538-851C-07A9AA9E68D3}.Debug|Any CPU.Build.0 = Debug|Any CPU
		{FDC08E06-99E6-4538-851C-07A9AA9E68D3}.Release|Any CPU.ActiveCfg = Release|Any CPU
		{FDC08E06-99E6-4538-851C-07A9AA9E68D3}.Release|Any CPU.Build.0 = Release|Any CPU
	EndGlobalSection
	GlobalSection(SolutionProperties) = preSolution
		HideSolutionNode = FALSE
	EndGlobalSection
	GlobalSection(ExtensibilityGlobals) = postSolution
		SolutionGuid = {39D4D359-2405-46F6-9D2D-C455F42D062C}
	EndGlobalSection
EndGlobal
